// !$*UTF8*$!
{
	archiveVersion = 1;
	classes = {
	};
	objectVersion = 55;
	objects = {

/* Begin PBXBuildFile section */
		77002996287D119700C7704D /* AppDelegate.swift in Sources */ = {isa = PBXBuildFile; fileRef = 77002995287D119700C7704D /* AppDelegate.swift */; };
		77002998287D119700C7704D /* SceneDelegate.swift in Sources */ = {isa = PBXBuildFile; fileRef = 77002997287D119700C7704D /* SceneDelegate.swift */; };
		7700299A287D119700C7704D /* ViewController.swift in Sources */ = {isa = PBXBuildFile; fileRef = 77002999287D119700C7704D /* ViewController.swift */; };
		7700299D287D119700C7704D /* Main.storyboard in Resources */ = {isa = PBXBuildFile; fileRef = 7700299B287D119700C7704D /* Main.storyboard */; };
		7700299F287D119B00C7704D /* Assets.xcassets in Resources */ = {isa = PBXBuildFile; fileRef = 7700299E287D119B00C7704D /* Assets.xcassets */; };
		770029AB287D5F9B00C7704D /* Then in Frameworks */ = {isa = PBXBuildFile; productRef = 770029AA287D5F9B00C7704D /* Then */; };
		770029AE287D5FC400C7704D /* SnapKit in Frameworks */ = {isa = PBXBuildFile; productRef = 770029AD287D5FC400C7704D /* SnapKit */; };
		770029BA287FF73500C7704D /* LogoImage.png in Resources */ = {isa = PBXBuildFile; fileRef = 770029B9287FF73500C7704D /* LogoImage.png */; };
		770029BC287FF7F300C7704D /* Logo.png in Resources */ = {isa = PBXBuildFile; fileRef = 770029BB287FF7F300C7704D /* Logo.png */; };
		770029BF2880322A00C7704D /* nickNameViewController.swift in Sources */ = {isa = PBXBuildFile; fileRef = 770029BE2880322A00C7704D /* nickNameViewController.swift */; };
		770029C1288134DD00C7704D /* chattingViewController.swift in Sources */ = {isa = PBXBuildFile; fileRef = 770029C0288134DD00C7704D /* chattingViewController.swift */; };
/* End PBXBuildFile section */

/* Begin PBXFileReference section */
		77002992287D119700C7704D /* Chatting.app */ = {isa = PBXFileReference; explicitFileType = wrapper.application; includeInIndex = 0; path = Chatting.app; sourceTree = BUILT_PRODUCTS_DIR; };
		77002995287D119700C7704D /* AppDelegate.swift */ = {isa = PBXFileReference; lastKnownFileType = sourcecode.swift; path = AppDelegate.swift; sourceTree = "<group>"; };
		77002997287D119700C7704D /* SceneDelegate.swift */ = {isa = PBXFileReference; lastKnownFileType = sourcecode.swift; path = SceneDelegate.swift; sourceTree = "<group>"; };
		77002999287D119700C7704D /* ViewController.swift */ = {isa = PBXFileReference; lastKnownFileType = sourcecode.swift; path = ViewController.swift; sourceTree = "<group>"; };
		7700299C287D119700C7704D /* Base */ = {isa = PBXFileReference; lastKnownFileType = file.storyboard; name = Base; path = Base.lproj/Main.storyboard; sourceTree = "<group>"; };
		7700299E287D119B00C7704D /* Assets.xcassets */ = {isa = PBXFileReference; lastKnownFileType = folder.assetcatalog; path = Assets.xcassets; sourceTree = "<group>"; };
		770029A3287D119B00C7704D /* Info.plist */ = {isa = PBXFileReference; lastKnownFileType = text.plist.xml; path = Info.plist; sourceTree = "<group>"; };
		770029B9287FF73500C7704D /* LogoImage.png */ = {isa = PBXFileReference; lastKnownFileType = image.png; name = LogoImage.png; path = ../../LogoImage.png; sourceTree = "<group>"; };
		770029BB287FF7F300C7704D /* Logo.png */ = {isa = PBXFileReference; lastKnownFileType = image.png; name = Logo.png; path = ../../Logo.png; sourceTree = "<group>"; };
		770029BE2880322A00C7704D /* nickNameViewController.swift */ = {isa = PBXFileReference; lastKnownFileType = sourcecode.swift; path = nickNameViewController.swift; sourceTree = "<group>"; };
		770029C0288134DD00C7704D /* chattingViewController.swift */ = {isa = PBXFileReference; lastKnownFileType = sourcecode.swift; path = chattingViewController.swift; sourceTree = "<group>"; };
/* End PBXFileReference section */

/* Begin PBXFrameworksBuildPhase section */
		7700298F287D119700C7704D /* Frameworks */ = {
			isa = PBXFrameworksBuildPhase;
			buildActionMask = 2147483647;
			files = (
				770029AB287D5F9B00C7704D /* Then in Frameworks */,
				770029AE287D5FC400C7704D /* SnapKit in Frameworks */,
			);
			runOnlyForDeploymentPostprocessing = 0;
		};
/* End PBXFrameworksBuildPhase section */

/* Begin PBXGroup section */
		77002989287D119700C7704D = {
			isa = PBXGroup;
			children = (
				77002994287D119700C7704D /* Chatting */,
				77002993287D119700C7704D /* Products */,
			);
			sourceTree = "<group>";
		};
		77002993287D119700C7704D /* Products */ = {
			isa = PBXGroup;
			children = (
				77002992287D119700C7704D /* Chatting.app */,
			);
			name = Products;
			sourceTree = "<group>";
		};
		77002994287D119700C7704D /* Chatting */ = {
			isa = PBXGroup;
			children = (
				770029C328813D4C00C7704D /* Resources */,
				770029C228813D4000C7704D /* Sources */,
				770029A3287D119B00C7704D /* Info.plist */,
				770029B9287FF73500C7704D /* LogoImage.png */,
				770029BB287FF7F300C7704D /* Logo.png */,
			);
			path = Chatting;
			sourceTree = "<group>";
		};
		770029C228813D4000C7704D /* Sources */ = {
			isa = PBXGroup;
			children = (
				770029C628813DE600C7704D /* VCs */,
				770029CA28813E1900C7704D /* Models */,
				770029C928813E1300C7704D /* Designs */,
				770029C828813E0D00C7704D /* Cells */,
				770029C728813E0600C7704D /* Classes */,
			);
			path = Sources;
			sourceTree = "<group>";
		};
		770029C328813D4C00C7704D /* Resources */ = {
			isa = PBXGroup;
			children = (
				770029C528813DD900C7704D /* APIServices */,
				770029C428813DB200C7704D /* Storyboards */,
				77002995287D119700C7704D /* AppDelegate.swift */,
				77002997287D119700C7704D /* SceneDelegate.swift */,
				7700299E287D119B00C7704D /* Assets.xcassets */,
			);
			path = Resources;
			sourceTree = "<group>";
		};
		770029C428813DB200C7704D /* Storyboards */ = {
			isa = PBXGroup;
			children = (
				7700299B287D119700C7704D /* Main.storyboard */,
			);
			path = Storyboards;
			sourceTree = "<group>";
		};
		770029C528813DD900C7704D /* APIServices */ = {
			isa = PBXGroup;
			children = (
			);
			path = APIServices;
			sourceTree = "<group>";
		};
		770029C628813DE600C7704D /* VCs */ = {
			isa = PBXGroup;
			children = (
				77002999287D119700C7704D /* ViewController.swift */,
				770029BE2880322A00C7704D /* nickNameViewController.swift */,
				770029C0288134DD00C7704D /* chattingViewController.swift */,
			);
			path = VCs;
			sourceTree = "<group>";
		};
		770029C728813E0600C7704D /* Classes */ = {
			isa = PBXGroup;
			children = (
			);
			path = Classes;
			sourceTree = "<group>";
		};
		770029C828813E0D00C7704D /* Cells */ = {
			isa = PBXGroup;
			children = (
			);
			path = Cells;
			sourceTree = "<group>";
		};
		770029C928813E1300C7704D /* Designs */ = {
			isa = PBXGroup;
			children = (
			);
			path = Designs;
			sourceTree = "<group>";
		};
		770029CA28813E1900C7704D /* Models */ = {
			isa = PBXGroup;
			children = (
			);
			path = Models;
			sourceTree = "<group>";
		};
/* End PBXGroup section */

/* Begin PBXNativeTarget section */
		77002991287D119700C7704D /* Chatting */ = {
			isa = PBXNativeTarget;
			buildConfigurationList = 770029A6287D119B00C7704D /* Build configuration list for PBXNativeTarget "Chatting" */;
			buildPhases = (
				7700298E287D119700C7704D /* Sources */,
				7700298F287D119700C7704D /* Frameworks */,
				77002990287D119700C7704D /* Resources */,
			);
			buildRules = (
			);
			dependencies = (
			);
			name = Chatting;
			packageProductDependencies = (
				770029AA287D5F9B00C7704D /* Then */,
				770029AD287D5FC400C7704D /* SnapKit */,
			);
			productName = Chatting;
			productReference = 77002992287D119700C7704D /* Chatting.app */;
			productType = "com.apple.product-type.application";
		};
/* End PBXNativeTarget section */

/* Begin PBXProject section */
		7700298A287D119700C7704D /* Project object */ = {
			isa = PBXProject;
			attributes = {
				BuildIndependentTargetsInParallel = 1;
				LastSwiftUpdateCheck = 1340;
				LastUpgradeCheck = 1340;
				TargetAttributes = {
					77002991287D119700C7704D = {
						CreatedOnToolsVersion = 13.4.1;
					};
				};
			};
			buildConfigurationList = 7700298D287D119700C7704D /* Build configuration list for PBXProject "Chatting" */;
			compatibilityVersion = "Xcode 13.0";
			developmentRegion = en;
			hasScannedForEncodings = 0;
			knownRegions = (
				en,
				Base,
			);
			mainGroup = 77002989287D119700C7704D;
			packageReferences = (
				770029A9287D5F9B00C7704D /* XCRemoteSwiftPackageReference "Then" */,
				770029AC287D5FC400C7704D /* XCRemoteSwiftPackageReference "SnapKit" */,
			);
			productRefGroup = 77002993287D119700C7704D /* Products */;
			projectDirPath = "";
			projectRoot = "";
			targets = (
				77002991287D119700C7704D /* Chatting */,
			);
		};
/* End PBXProject section */

/* Begin PBXResourcesBuildPhase section */
		77002990287D119700C7704D /* Resources */ = {
			isa = PBXResourcesBuildPhase;
			buildActionMask = 2147483647;
			files = (
				770029BC287FF7F300C7704D /* Logo.png in Resources */,
				7700299F287D119B00C7704D /* Assets.xcassets in Resources */,
				7700299D287D119700C7704D /* Main.storyboard in Resources */,
				770029BA287FF73500C7704D /* LogoImage.png in Resources */,
			);
			runOnlyForDeploymentPostprocessing = 0;
		};
/* End PBXResourcesBuildPhase section */

/* Begin PBXSourcesBuildPhase section */
		7700298E287D119700C7704D /* Sources */ = {
			isa = PBXSourcesBuildPhase;
			buildActionMask = 2147483647;
			files = (
				770029BF2880322A00C7704D /* nickNameViewController.swift in Sources */,
				7700299A287D119700C7704D /* ViewController.swift in Sources */,
				77002996287D119700C7704D /* AppDelegate.swift in Sources */,
				770029C1288134DD00C7704D /* chattingViewController.swift in Sources */,
				77002998287D119700C7704D /* SceneDelegate.swift in Sources */,
			);
			runOnlyForDeploymentPostprocessing = 0;
		};
/* End PBXSourcesBuildPhase section */

/* Begin PBXVariantGroup section */
		7700299B287D119700C7704D /* Main.storyboard */ = {
			isa = PBXVariantGroup;
			children = (
				7700299C287D119700C7704D /* Base */,
			);
			name = Main.storyboard;
			sourceTree = "<group>";
		};
/* End PBXVariantGroup section */

/* Begin XCBuildConfiguration section */
		770029A4287D119B00C7704D /* Debug */ = {
			isa = XCBuildConfiguration;
			buildSettings = {
				ALWAYS_SEARCH_USER_PATHS = NO;
				CLANG_ANALYZER_NONNULL = YES;
				CLANG_ANALYZER_NUMBER_OBJECT_CONVERSION = YES_AGGRESSIVE;
				CLANG_CXX_LANGUAGE_STANDARD = "gnu++17";
				CLANG_ENABLE_MODULES = YES;
				CLANG_ENABLE_OBJC_ARC = YES;
				CLANG_ENABLE_OBJC_WEAK = YES;
				CLANG_WARN_BLOCK_CAPTURE_AUTORELEASING = YES;
				CLANG_WARN_BOOL_CONVERSION = YES;
				CLANG_WARN_COMMA = YES;
				CLANG_WARN_CONSTANT_CONVERSION = YES;
				CLANG_WARN_DEPRECATED_OBJC_IMPLEMENTATIONS = YES;
				CLANG_WARN_DIRECT_OBJC_ISA_USAGE = YES_ERROR;
				CLANG_WARN_DOCUMENTATION_COMMENTS = YES;
				CLANG_WARN_EMPTY_BODY = YES;
				CLANG_WARN_ENUM_CONVERSION = YES;
				CLANG_WARN_INFINITE_RECURSION = YES;
				CLANG_WARN_INT_CONVERSION = YES;
				CLANG_WARN_NON_LITERAL_NULL_CONVERSION = YES;
				CLANG_WARN_OBJC_IMPLICIT_RETAIN_SELF = YES;
				CLANG_WARN_OBJC_LITERAL_CONVERSION = YES;
				CLANG_WARN_OBJC_ROOT_CLASS = YES_ERROR;
				CLANG_WARN_QUOTED_INCLUDE_IN_FRAMEWORK_HEADER = YES;
				CLANG_WARN_RANGE_LOOP_ANALYSIS = YES;
				CLANG_WARN_STRICT_PROTOTYPES = YES;
				CLANG_WARN_SUSPICIOUS_MOVE = YES;
				CLANG_WARN_UNGUARDED_AVAILABILITY = YES_AGGRESSIVE;
				CLANG_WARN_UNREACHABLE_CODE = YES;
				CLANG_WARN__DUPLICATE_METHOD_MATCH = YES;
				COPY_PHASE_STRIP = NO;
				DEBUG_INFORMATION_FORMAT = dwarf;
				ENABLE_STRICT_OBJC_MSGSEND = YES;
				ENABLE_TESTABILITY = YES;
				GCC_C_LANGUAGE_STANDARD = gnu11;
				GCC_DYNAMIC_NO_PIC = NO;
				GCC_NO_COMMON_BLOCKS = YES;
				GCC_OPTIMIZATION_LEVEL = 0;
				GCC_PREPROCESSOR_DEFINITIONS = (
					"DEBUG=1",
					"$(inherited)",
				);
				GCC_WARN_64_TO_32_BIT_CONVERSION = YES;
				GCC_WARN_ABOUT_RETURN_TYPE = YES_ERROR;
				GCC_WARN_UNDECLARED_SELECTOR = YES;
				GCC_WARN_UNINITIALIZED_AUTOS = YES_AGGRESSIVE;
				GCC_WARN_UNUSED_FUNCTION = YES;
				GCC_WARN_UNUSED_VARIABLE = YES;
				IPHONEOS_DEPLOYMENT_TARGET = 15.5;
				MTL_ENABLE_DEBUG_INFO = INCLUDE_SOURCE;
				MTL_FAST_MATH = YES;
				ONLY_ACTIVE_ARCH = YES;
				SDKROOT = iphoneos;
				SWIFT_ACTIVE_COMPILATION_CONDITIONS = DEBUG;
				SWIFT_OPTIMIZATION_LEVEL = "-Onone";
			};
			name = Debug;
		};
		770029A5287D119B00C7704D /* Release */ = {
			isa = XCBuildConfiguration;
			buildSettings = {
				ALWAYS_SEARCH_USER_PATHS = NO;
				CLANG_ANALYZER_NONNULL = YES;
				CLANG_ANALYZER_NUMBER_OBJECT_CONVERSION = YES_AGGRESSIVE;
				CLANG_CXX_LANGUAGE_STANDARD = "gnu++17";
				CLANG_ENABLE_MODULES = YES;
				CLANG_ENABLE_OBJC_ARC = YES;
				CLANG_ENABLE_OBJC_WEAK = YES;
				CLANG_WARN_BLOCK_CAPTURE_AUTORELEASING = YES;
				CLANG_WARN_BOOL_CONVERSION = YES;
				CLANG_WARN_COMMA = YES;
				CLANG_WARN_CONSTANT_CONVERSION = YES;
				CLANG_WARN_DEPRECATED_OBJC_IMPLEMENTATIONS = YES;
				CLANG_WARN_DIRECT_OBJC_ISA_USAGE = YES_ERROR;
				CLANG_WARN_DOCUMENTATION_COMMENTS = YES;
				CLANG_WARN_EMPTY_BODY = YES;
				CLANG_WARN_ENUM_CONVERSION = YES;
				CLANG_WARN_INFINITE_RECURSION = YES;
				CLANG_WARN_INT_CONVERSION = YES;
				CLANG_WARN_NON_LITERAL_NULL_CONVERSION = YES;
				CLANG_WARN_OBJC_IMPLICIT_RETAIN_SELF = YES;
				CLANG_WARN_OBJC_LITERAL_CONVERSION = YES;
				CLANG_WARN_OBJC_ROOT_CLASS = YES_ERROR;
				CLANG_WARN_QUOTED_INCLUDE_IN_FRAMEWORK_HEADER = YES;
				CLANG_WARN_RANGE_LOOP_ANALYSIS = YES;
				CLANG_WARN_STRICT_PROTOTYPES = YES;
				CLANG_WARN_SUSPICIOUS_MOVE = YES;
				CLANG_WARN_UNGUARDED_AVAILABILITY = YES_AGGRESSIVE;
				CLANG_WARN_UNREACHABLE_CODE = YES;
				CLANG_WARN__DUPLICATE_METHOD_MATCH = YES;
				COPY_PHASE_STRIP = NO;
				DEBUG_INFORMATION_FORMAT = "dwarf-with-dsym";
				ENABLE_NS_ASSERTIONS = NO;
				ENABLE_STRICT_OBJC_MSGSEND = YES;
				GCC_C_LANGUAGE_STANDARD = gnu11;
				GCC_NO_COMMON_BLOCKS = YES;
				GCC_WARN_64_TO_32_BIT_CONVERSION = YES;
				GCC_WARN_ABOUT_RETURN_TYPE = YES_ERROR;
				GCC_WARN_UNDECLARED_SELECTOR = YES;
				GCC_WARN_UNINITIALIZED_AUTOS = YES_AGGRESSIVE;
				GCC_WARN_UNUSED_FUNCTION = YES;
				GCC_WARN_UNUSED_VARIABLE = YES;
				IPHONEOS_DEPLOYMENT_TARGET = 15.5;
				MTL_ENABLE_DEBUG_INFO = NO;
				MTL_FAST_MATH = YES;
				SDKROOT = iphoneos;
				SWIFT_COMPILATION_MODE = wholemodule;
				SWIFT_OPTIMIZATION_LEVEL = "-O";
				VALIDATE_PRODUCT = YES;
			};
			name = Release;
		};
		770029A7287D119B00C7704D /* Debug */ = {
			isa = XCBuildConfiguration;
			buildSettings = {
				ASSETCATALOG_COMPILER_APPICON_NAME = AppIcon;
				ASSETCATALOG_COMPILER_GLOBAL_ACCENT_COLOR_NAME = AccentColor;
				CODE_SIGN_STYLE = Automatic;
				CURRENT_PROJECT_VERSION = 1;
				GENERATE_INFOPLIST_FILE = YES;
				INFOPLIST_FILE = Chatting/Info.plist;
				INFOPLIST_KEY_UIApplicationSupportsIndirectInputEvents = YES;
				INFOPLIST_KEY_UILaunchStoryboardName = LaunchScreen;
				INFOPLIST_KEY_UISupportedInterfaceOrientations_iPad = "UIInterfaceOrientationPortrait UIInterfaceOrientationPortraitUpsideDown UIInterfaceOrientationLandscapeLeft UIInterfaceOrientationLandscapeRight";
				INFOPLIST_KEY_UISupportedInterfaceOrientations_iPhone = "UIInterfaceOrientationPortrait UIInterfaceOrientationLandscapeLeft UIInterfaceOrientationLandscapeRight";
				LD_RUNPATH_SEARCH_PATHS = (
					"$(inherited)",
					"@executable_path/Frameworks",
				);
				MARKETING_VERSION = 1.0;
				PRODUCT_BUNDLE_IDENTIFIER = Minjae.Chatting;
				PRODUCT_NAME = "$(TARGET_NAME)";
				SWIFT_EMIT_LOC_STRINGS = YES;
				SWIFT_VERSION = 5.0;
				TARGETED_DEVICE_FAMILY = "1,2";
			};
			name = Debug;
		};
		770029A8287D119B00C7704D /* Release */ = {
			isa = XCBuildConfiguration;
			buildSettings = {
				ASSETCATALOG_COMPILER_APPICON_NAME = AppIcon;
				ASSETCATALOG_COMPILER_GLOBAL_ACCENT_COLOR_NAME = AccentColor;
				CODE_SIGN_STYLE = Automatic;
				CURRENT_PROJECT_VERSION = 1;
				GENERATE_INFOPLIST_FILE = YES;
				INFOPLIST_FILE = Chatting/Info.plist;
				INFOPLIST_KEY_UIApplicationSupportsIndirectInputEvents = YES;
				INFOPLIST_KEY_UILaunchStoryboardName = LaunchScreen;
				INFOPLIST_KEY_UISupportedInterfaceOrientations_iPad = "UIInterfaceOrientationPortrait UIInterfaceOrientationPortraitUpsideDown UIInterfaceOrientationLandscapeLeft UIInterfaceOrientationLandscapeRight";
				INFOPLIST_KEY_UISupportedInterfaceOrientations_iPhone = "UIInterfaceOrientationPortrait UIInterfaceOrientationLandscapeLeft UIInterfaceOrientationLandscapeRight";
				LD_RUNPATH_SEARCH_PATHS = (
					"$(inherited)",
					"@executable_path/Frameworks",
				);
				MARKETING_VERSION = 1.0;
				PRODUCT_BUNDLE_IDENTIFIER = Minjae.Chatting;
				PRODUCT_NAME = "$(TARGET_NAME)";
				SWIFT_EMIT_LOC_STRINGS = YES;
				SWIFT_VERSION = 5.0;
				TARGETED_DEVICE_FAMILY = "1,2";
			};
			name = Release;
		};
/* End XCBuildConfiguration section */

/* Begin XCConfigurationList section */
		7700298D287D119700C7704D /* Build configuration list for PBXProject "Chatting" */ = {
			isa = XCConfigurationList;
			buildConfigurations = (
				770029A4287D119B00C7704D /* Debug */,
				770029A5287D119B00C7704D /* Release */,
			);
			defaultConfigurationIsVisible = 0;
			defaultConfigurationName = Release;
		};
		770029A6287D119B00C7704D /* Build configuration list for PBXNativeTarget "Chatting" */ = {
			isa = XCConfigurationList;
			buildConfigurations = (
				770029A7287D119B00C7704D /* Debug */,
				770029A8287D119B00C7704D /* Release */,
			);
			defaultConfigurationIsVisible = 0;
			defaultConfigurationName = Release;
		};
/* End XCConfigurationList section */

/* Begin XCRemoteSwiftPackageReference section */
		770029A9287D5F9B00C7704D /* XCRemoteSwiftPackageReference "Then" */ = {
			isa = XCRemoteSwiftPackageReference;
			repositoryURL = "https://github.com/devxoul/Then";
			requirement = {
				branch = master;
				kind = branch;
			};
		};
		770029AC287D5FC400C7704D /* XCRemoteSwiftPackageReference "SnapKit" */ = {
			isa = XCRemoteSwiftPackageReference;
			repositoryURL = "https://github.com/SnapKit/SnapKit";
			requirement = {
				branch = develop;
				kind = branch;
			};
		};
/* End XCRemoteSwiftPackageReference section */

/* Begin XCSwiftPackageProductDependency section */
		770029AA287D5F9B00C7704D /* Then */ = {
			isa = XCSwiftPackageProductDependency;
			package = 770029A9287D5F9B00C7704D /* XCRemoteSwiftPackageReference "Then" */;
			productName = Then;
		};
		770029AD287D5FC400C7704D /* SnapKit */ = {
			isa = XCSwiftPackageProductDependency;
			package = 770029AC287D5FC400C7704D /* XCRemoteSwiftPackageReference "SnapKit" */;
			productName = SnapKit;
		};
/* End XCSwiftPackageProductDependency section */
	};
	rootObject = 7700298A287D119700C7704D /* Project object */;
}
